
Microsoft Visual Studio Solution File, Format Version 12.00
# Visual Studio 14
VisualStudioVersion = 14.0.25420.1
MinimumVisualStudioVersion = 10.0.40219.1
Project("{FAE04EC0-301F-11D3-BF4B-00C04F79EFBC}") = "PunGenerator.Core", "PunGenerator.Core\PunGenerator.Core.csproj", "{B623C545-D9C1-4CD0-82A0-E3281641334C}"
EndProject
Project("{FAE04EC0-301F-11D3-BF4B-00C04F79EFBC}") = "PunGenerator.Droid", "PunGenerator.Droid\PunGenerator.Droid.csproj", "{D338BE60-DCC9-40E4-9844-352BAF22D5F8}"
EndProject
Global
	GlobalSection(SolutionConfigurationPlatforms) = preSolution
		Debug|Any CPU = Debug|Any CPU
		Release|Any CPU = Release|Any CPU
	EndGlobalSection
	GlobalSection(ProjectConfigurationPlatforms) = postSolution
		{B623C545-D9C1-4CD0-82A0-E3281641334C}.Debug|Any CPU.ActiveCfg = Debug|Any CPU
		{B623C545-D9C1-4CD0-82A0-E3281641334C}.Debug|Any CPU.Build.0 = Debug|Any CPU
		{B623C545-D9C1-4CD0-82A0-E3281641334C}.Release|Any CPU.ActiveCfg = Release|Any CPU
		{B623C545-D9C1-4CD0-82A0-E3281641334C}.Release|Any CPU.Build.0 = Release|Any CPU
		{D338BE60-DCC9-40E4-9844-352BAF22D5F8}.Debug|Any CPU.ActiveCfg = Debug|Any CPU
		{D338BE60-DCC9-40E4-9844-352BAF22D5F8}.Debug|Any CPU.Build.0 = Debug|Any CPU
		{D338BE60-DCC9-40E4-9844-352BAF22D5F8}.Debug|Any CPU.Deploy.0 = Debug|Any CPU
		{D338BE60-DCC9-40E4-9844-352BAF22D5F8}.Release|Any CPU.ActiveCfg = Release|Any CPU
		{D338BE60-DCC9-40E4-9844-352BAF22D5F8}.Release|Any CPU.Build.0 = Release|Any CPU
		{D338BE60-DCC9-40E4-9844-352BAF22D5F8}.Release|Any CPU.Deploy.0 = Release|Any CPU
	EndGlobalSection
	GlobalSection(SolutionProperties) = preSolution
		HideSolutionNode = FALSE
	EndGlobalSection
EndGlobal
