
Microsoft Visual Studio Solution File, Format Version 12.00
# Visual Studio 14
VisualStudioVersion = 14.0.25420.1
MinimumVisualStudioVersion = 10.0.40219.1
Project("{FAE04EC0-301F-11D3-BF4B-00C04F79EFBC}") = "PunGenerator.Core", "PunGenerator.Core\PunGenerator.Core.csproj", "{B623C545-D9C1-4CD0-82A0-E3281641334C}"
EndProject
Project("{FAE04EC0-301F-11D3-BF4B-00C04F79EFBC}") = "PunGenerator.Droid", "PunGenerator.Droid\PunGenerator.Droid.csproj", "{D338BE60-DCC9-40E4-9844-352BAF22D5F8}"
EndProject
Project("{FAE04EC0-301F-11D3-BF4B-00C04F79EFBC}") = "PunGenerator.iOS", "PunGenerator.iOS\PunGenerator.iOS.csproj", "{FFB1AE55-BB7F-45EC-BD1A-1365FC6E26EA}"
EndProject
Global
	GlobalSection(SolutionConfigurationPlatforms) = preSolution
		Ad-Hoc|Any CPU = Ad-Hoc|Any CPU
		Ad-Hoc|iPhone = Ad-Hoc|iPhone
		Ad-Hoc|iPhoneSimulator = Ad-Hoc|iPhoneSimulator
		AppStore|Any CPU = AppStore|Any CPU
		AppStore|iPhone = AppStore|iPhone
		AppStore|iPhoneSimulator = AppStore|iPhoneSimulator
		Debug|Any CPU = Debug|Any CPU
		Debug|iPhone = Debug|iPhone
		Debug|iPhoneSimulator = Debug|iPhoneSimulator
		Release|Any CPU = Release|Any CPU
		Release|iPhone = Release|iPhone
		Release|iPhoneSimulator = Release|iPhoneSimulator
	EndGlobalSection
	GlobalSection(ProjectConfigurationPlatforms) = postSolution
		{B623C545-D9C1-4CD0-82A0-E3281641334C}.Ad-Hoc|Any CPU.ActiveCfg = Release|Any CPU
		{B623C545-D9C1-4CD0-82A0-E3281641334C}.Ad-Hoc|Any CPU.Build.0 = Release|Any CPU
		{B623C545-D9C1-4CD0-82A0-E3281641334C}.Ad-Hoc|iPhone.ActiveCfg = Release|Any CPU
		{B623C545-D9C1-4CD0-82A0-E3281641334C}.Ad-Hoc|iPhone.Build.0 = Release|Any CPU
		{B623C545-D9C1-4CD0-82A0-E3281641334C}.Ad-Hoc|iPhoneSimulator.ActiveCfg = Release|Any CPU
		{B623C545-D9C1-4CD0-82A0-E3281641334C}.Ad-Hoc|iPhoneSimulator.Build.0 = Release|Any CPU
		{B623C545-D9C1-4CD0-82A0-E3281641334C}.AppStore|Any CPU.ActiveCfg = Release|Any CPU
		{B623C545-D9C1-4CD0-82A0-E3281641334C}.AppStore|Any CPU.Build.0 = Release|Any CPU
		{B623C545-D9C1-4CD0-82A0-E3281641334C}.AppStore|iPhone.ActiveCfg = Release|Any CPU
		{B623C545-D9C1-4CD0-82A0-E3281641334C}.AppStore|iPhone.Build.0 = Release|Any CPU
		{B623C545-D9C1-4CD0-82A0-E3281641334C}.AppStore|iPhoneSimulator.ActiveCfg = Release|Any CPU
		{B623C545-D9C1-4CD0-82A0-E3281641334C}.AppStore|iPhoneSimulator.Build.0 = Release|Any CPU
		{B623C545-D9C1-4CD0-82A0-E3281641334C}.Debug|Any CPU.ActiveCfg = Debug|Any CPU
		{B623C545-D9C1-4CD0-82A0-E3281641334C}.Debug|Any CPU.Build.0 = Debug|Any CPU
		{B623C545-D9C1-4CD0-82A0-E3281641334C}.Debug|iPhone.ActiveCfg = Debug|Any CPU
		{B623C545-D9C1-4CD0-82A0-E3281641334C}.Debug|iPhone.Build.0 = Debug|Any CPU
		{B623C545-D9C1-4CD0-82A0-E3281641334C}.Debug|iPhoneSimulator.ActiveCfg = Debug|Any CPU
		{B623C545-D9C1-4CD0-82A0-E3281641334C}.Debug|iPhoneSimulator.Build.0 = Debug|Any CPU
		{B623C545-D9C1-4CD0-82A0-E3281641334C}.Release|Any CPU.ActiveCfg = Release|Any CPU
		{B623C545-D9C1-4CD0-82A0-E3281641334C}.Release|Any CPU.Build.0 = Release|Any CPU
		{B623C545-D9C1-4CD0-82A0-E3281641334C}.Release|iPhone.ActiveCfg = Release|Any CPU
		{B623C545-D9C1-4CD0-82A0-E3281641334C}.Release|iPhone.Build.0 = Release|Any CPU
		{B623C545-D9C1-4CD0-82A0-E3281641334C}.Release|iPhoneSimulator.ActiveCfg = Release|Any CPU
		{B623C545-D9C1-4CD0-82A0-E3281641334C}.Release|iPhoneSimulator.Build.0 = Release|Any CPU
		{D338BE60-DCC9-40E4-9844-352BAF22D5F8}.Ad-Hoc|Any CPU.ActiveCfg = Release|Any CPU
		{D338BE60-DCC9-40E4-9844-352BAF22D5F8}.Ad-Hoc|Any CPU.Build.0 = Release|Any CPU
		{D338BE60-DCC9-40E4-9844-352BAF22D5F8}.Ad-Hoc|Any CPU.Deploy.0 = Release|Any CPU
		{D338BE60-DCC9-40E4-9844-352BAF22D5F8}.Ad-Hoc|iPhone.ActiveCfg = Release|Any CPU
		{D338BE60-DCC9-40E4-9844-352BAF22D5F8}.Ad-Hoc|iPhone.Build.0 = Release|Any CPU
		{D338BE60-DCC9-40E4-9844-352BAF22D5F8}.Ad-Hoc|iPhone.Deploy.0 = Release|Any CPU
		{D338BE60-DCC9-40E4-9844-352BAF22D5F8}.Ad-Hoc|iPhoneSimulator.ActiveCfg = Release|Any CPU
		{D338BE60-DCC9-40E4-9844-352BAF22D5F8}.Ad-Hoc|iPhoneSimulator.Build.0 = Release|Any CPU
		{D338BE60-DCC9-40E4-9844-352BAF22D5F8}.Ad-Hoc|iPhoneSimulator.Deploy.0 = Release|Any CPU
		{D338BE60-DCC9-40E4-9844-352BAF22D5F8}.AppStore|Any CPU.ActiveCfg = Release|Any CPU
		{D338BE60-DCC9-40E4-9844-352BAF22D5F8}.AppStore|Any CPU.Build.0 = Release|Any CPU
		{D338BE60-DCC9-40E4-9844-352BAF22D5F8}.AppStore|Any CPU.Deploy.0 = Release|Any CPU
		{D338BE60-DCC9-40E4-9844-352BAF22D5F8}.AppStore|iPhone.ActiveCfg = Release|Any CPU
		{D338BE60-DCC9-40E4-9844-352BAF22D5F8}.AppStore|iPhone.Build.0 = Release|Any CPU
		{D338BE60-DCC9-40E4-9844-352BAF22D5F8}.AppStore|iPhone.Deploy.0 = Release|Any CPU
		{D338BE60-DCC9-40E4-9844-352BAF22D5F8}.AppStore|iPhoneSimulator.ActiveCfg = Release|Any CPU
		{D338BE60-DCC9-40E4-9844-352BAF22D5F8}.AppStore|iPhoneSimulator.Build.0 = Release|Any CPU
		{D338BE60-DCC9-40E4-9844-352BAF22D5F8}.AppStore|iPhoneSimulator.Deploy.0 = Release|Any CPU
		{D338BE60-DCC9-40E4-9844-352BAF22D5F8}.Debug|Any CPU.ActiveCfg = Debug|Any CPU
		{D338BE60-DCC9-40E4-9844-352BAF22D5F8}.Debug|Any CPU.Build.0 = Debug|Any CPU
		{D338BE60-DCC9-40E4-9844-352BAF22D5F8}.Debug|Any CPU.Deploy.0 = Debug|Any CPU
		{D338BE60-DCC9-40E4-9844-352BAF22D5F8}.Debug|iPhone.ActiveCfg = Debug|Any CPU
		{D338BE60-DCC9-40E4-9844-352BAF22D5F8}.Debug|iPhone.Build.0 = Debug|Any CPU
		{D338BE60-DCC9-40E4-9844-352BAF22D5F8}.Debug|iPhone.Deploy.0 = Debug|Any CPU
		{D338BE60-DCC9-40E4-9844-352BAF22D5F8}.Debug|iPhoneSimulator.ActiveCfg = Debug|Any CPU
		{D338BE60-DCC9-40E4-9844-352BAF22D5F8}.Debug|iPhoneSimulator.Build.0 = Debug|Any CPU
		{D338BE60-DCC9-40E4-9844-352BAF22D5F8}.Debug|iPhoneSimulator.Deploy.0 = Debug|Any CPU
		{D338BE60-DCC9-40E4-9844-352BAF22D5F8}.Release|Any CPU.ActiveCfg = Release|Any CPU
		{D338BE60-DCC9-40E4-9844-352BAF22D5F8}.Release|Any CPU.Build.0 = Release|Any CPU
		{D338BE60-DCC9-40E4-9844-352BAF22D5F8}.Release|Any CPU.Deploy.0 = Release|Any CPU
		{D338BE60-DCC9-40E4-9844-352BAF22D5F8}.Release|iPhone.ActiveCfg = Release|Any CPU
		{D338BE60-DCC9-40E4-9844-352BAF22D5F8}.Release|iPhone.Build.0 = Release|Any CPU
		{D338BE60-DCC9-40E4-9844-352BAF22D5F8}.Release|iPhone.Deploy.0 = Release|Any CPU
		{D338BE60-DCC9-40E4-9844-352BAF22D5F8}.Release|iPhoneSimulator.ActiveCfg = Release|Any CPU
		{D338BE60-DCC9-40E4-9844-352BAF22D5F8}.Release|iPhoneSimulator.Build.0 = Release|Any CPU
		{D338BE60-DCC9-40E4-9844-352BAF22D5F8}.Release|iPhoneSimulator.Deploy.0 = Release|Any CPU
		{FFB1AE55-BB7F-45EC-BD1A-1365FC6E26EA}.Ad-Hoc|Any CPU.ActiveCfg = Ad-Hoc|iPhone
		{FFB1AE55-BB7F-45EC-BD1A-1365FC6E26EA}.Ad-Hoc|iPhone.ActiveCfg = Ad-Hoc|iPhone
		{FFB1AE55-BB7F-45EC-BD1A-1365FC6E26EA}.Ad-Hoc|iPhone.Build.0 = Ad-Hoc|iPhone
		{FFB1AE55-BB7F-45EC-BD1A-1365FC6E26EA}.Ad-Hoc|iPhoneSimulator.ActiveCfg = Ad-Hoc|iPhoneSimulator
		{FFB1AE55-BB7F-45EC-BD1A-1365FC6E26EA}.Ad-Hoc|iPhoneSimulator.Build.0 = Ad-Hoc|iPhoneSimulator
		{FFB1AE55-BB7F-45EC-BD1A-1365FC6E26EA}.AppStore|Any CPU.ActiveCfg = AppStore|iPhone
		{FFB1AE55-BB7F-45EC-BD1A-1365FC6E26EA}.AppStore|iPhone.ActiveCfg = AppStore|iPhone
		{FFB1AE55-BB7F-45EC-BD1A-1365FC6E26EA}.AppStore|iPhone.Build.0 = AppStore|iPhone
		{FFB1AE55-BB7F-45EC-BD1A-1365FC6E26EA}.AppStore|iPhoneSimulator.ActiveCfg = AppStore|iPhoneSimulator
		{FFB1AE55-BB7F-45EC-BD1A-1365FC6E26EA}.AppStore|iPhoneSimulator.Build.0 = AppStore|iPhoneSimulator
		{FFB1AE55-BB7F-45EC-BD1A-1365FC6E26EA}.Debug|Any CPU.ActiveCfg = Debug|iPhone
		{FFB1AE55-BB7F-45EC-BD1A-1365FC6E26EA}.Debug|iPhone.ActiveCfg = Debug|iPhone
		{FFB1AE55-BB7F-45EC-BD1A-1365FC6E26EA}.Debug|iPhone.Build.0 = Debug|iPhone
		{FFB1AE55-BB7F-45EC-BD1A-1365FC6E26EA}.Debug|iPhoneSimulator.ActiveCfg = Debug|iPhoneSimulator
		{FFB1AE55-BB7F-45EC-BD1A-1365FC6E26EA}.Debug|iPhoneSimulator.Build.0 = Debug|iPhoneSimulator
		{FFB1AE55-BB7F-45EC-BD1A-1365FC6E26EA}.Release|Any CPU.ActiveCfg = Release|iPhone
		{FFB1AE55-BB7F-45EC-BD1A-1365FC6E26EA}.Release|iPhone.ActiveCfg = Release|iPhone
		{FFB1AE55-BB7F-45EC-BD1A-1365FC6E26EA}.Release|iPhone.Build.0 = Release|iPhone
		{FFB1AE55-BB7F-45EC-BD1A-1365FC6E26EA}.Release|iPhoneSimulator.ActiveCfg = Release|iPhoneSimulator
		{FFB1AE55-BB7F-45EC-BD1A-1365FC6E26EA}.Release|iPhoneSimulator.Build.0 = Release|iPhoneSimulator
	EndGlobalSection
	GlobalSection(SolutionProperties) = preSolution
		HideSolutionNode = FALSE
	EndGlobalSection
	GlobalSection(MonoDevelopProperties) = preSolution
		Policies = $0
		$0.DotNetNamingPolicy = $1
		$1.DirectoryNamespaceAssociation = None
		$1.ResourceNamePolicy = FileFormatDefault
		$0.StandardHeader = $2
		$2.Text = 
		$2.IncludeInNewFiles = True
	EndGlobalSection
EndGlobal
